<?xml version="1.0" encoding="utf-8"?>
<Project ToolsVersion="4.0" xmlns="http://schemas.microsoft.com/developer/msbuild/2003">
  <ItemGroup>
    <Filter Include="Quelldateien">
      <UniqueIdentifier>{4FC737F1-C7A5-4376-A066-2A32D752A2FF}</UniqueIdentifier>
      <Extensions>cpp;c;cc;cxx;c++;cppm;ixx;def;odl;idl;hpj;bat;asm;asmx</Extensions>
    </Filter>
    <Filter Include="Headerdateien">
      <UniqueIdentifier>{93995380-89BD-4b04-88EB-625FBE52EBFB}</UniqueIdentifier>
      <Extensions>h;hh;hpp;hxx;h++;hm;inl;inc;ipp;xsd</Extensions>
    </Filter>
    <Filter Include="Ressourcendateien">
      <UniqueIdentifier>{67DA6AB6-F800-4c08-8B7A-83BB121AAD01}</UniqueIdentifier>
      <Extensions>rc;ico;cur;bmp;dlg;rc2;rct;bin;rgs;gif;jpg;jpeg;jpe;resx;tiff;tif;png;wav;mfcribbon-ms</Extensions>
    </Filter>
    <Filter Include="shader">
      <UniqueIdentifier>{245fe828-dca2-43fa-8b29-e9db77aae98d}</UniqueIdentifier>
    </Filter>
  </ItemGroup>
  <ItemGroup>
    <ClCompile Include="main.cpp">
      <Filter>Quelldateien</Filter>
    </ClCompile>
    <ClCompile Include="fbo.cpp">
      <Filter>Quelldateien</Filter>
    </ClCompile>
    <ClCompile Include="scenerendertotex.cpp">
      <Filter>Quelldateien</Filter>
    </ClCompile>
    <ClCompile Include="cube.cpp">
      <Filter>Quelldateien</Filter>
    </ClCompile>
    <ClCompile Include="glslprogram.cpp">
      <Filter>Quelldateien</Filter>
    </ClCompile>
    <ClCompile Include="objmesh.cpp">
      <Filter>Quelldateien</Filter>
    </ClCompile>
    <ClCompile Include="trianglemesh.cpp">
      <Filter>Quelldateien</Filter>
    </ClCompile>
    <ClCompile Include="glad.c">
      <Filter>Quelldateien</Filter>
    </ClCompile>
    <ClCompile Include="texture.cpp">
      <Filter>Quelldateien</Filter>
    </ClCompile>
    <ClCompile Include="glutils.cpp">
      <Filter>Quelldateien</Filter>
    </ClCompile>
    <ClCompile Include="scenediffibl.cpp">
      <Filter>Quelldateien</Filter>
    </ClCompile>
    <ClCompile Include="skybox.cpp">
      <Filter>Quelldateien</Filter>
    </ClCompile>
    <ClCompile Include="..\includes\imgui\imgui.cpp">
      <Filter>Quelldateien</Filter>
    </ClCompile>
    <ClCompile Include="..\includes\imgui\imgui_demo.cpp">
      <Filter>Quelldateien</Filter>
    </ClCompile>
    <ClCompile Include="..\includes\imgui\imgui_draw.cpp">
      <Filter>Quelldateien</Filter>
    </ClCompile>
    <ClCompile Include="..\includes\imgui\imgui_impl_glfw.cpp">
      <Filter>Quelldateien</Filter>
    </ClCompile>
    <ClCompile Include="..\includes\imgui\imgui_impl_opengl3.cpp">
      <Filter>Quelldateien</Filter>
    </ClCompile>
    <ClCompile Include="..\includes\imgui\imgui_widgets.cpp">
      <Filter>Quelldateien</Filter>
    </ClCompile>
    <ClCompile Include="overlayrenderer.cpp">
      <Filter>Quelldateien</Filter>
    </ClCompile>
    <ClCompile Include="postprocessingrenderer.cpp">
      <Filter>Quelldateien</Filter>
    </ClCompile>
    <ClCompile Include="fboenvironmentmap.cpp">
      <Filter>Quelldateien</Filter>
    </ClCompile>
  </ItemGroup>
  <ItemGroup>
    <ClInclude Include="fbo.h">
      <Filter>Headerdateien</Filter>
    </ClInclude>
    <ClInclude Include="scene.h">
      <Filter>Headerdateien</Filter>
    </ClInclude>
    <ClInclude Include="scenerendertotex.h">
      <Filter>Headerdateien</Filter>
    </ClInclude>
    <ClInclude Include="scenerunner.h">
      <Filter>Headerdateien</Filter>
    </ClInclude>
    <ClInclude Include="cookbookogl.h">
      <Filter>Headerdateien</Filter>
    </ClInclude>
    <ClInclude Include="cube.h">
      <Filter>Headerdateien</Filter>
    </ClInclude>
    <ClInclude Include="glutils.h">
      <Filter>Headerdateien</Filter>
    </ClInclude>
    <ClInclude Include="objmesh.h">
      <Filter>Headerdateien</Filter>
    </ClInclude>
    <ClInclude Include="aabb.h">
      <Filter>Headerdateien</Filter>
    </ClInclude>
    <ClInclude Include="drawable.h">
      <Filter>Headerdateien</Filter>
    </ClInclude>
    <ClInclude Include="trianglemesh.h">
      <Filter>Headerdateien</Filter>
    </ClInclude>
    <ClInclude Include="scenediffibl.h">
      <Filter>Headerdateien</Filter>
    </ClInclude>
    <ClInclude Include="..\includes\skybox.h">
      <Filter>Headerdateien</Filter>
    </ClInclude>
    <ClInclude Include="entity.h">
      <Filter>Headerdateien</Filter>
    </ClInclude>
    <ClInclude Include="..\includes\glslprogram.h">
      <Filter>Headerdateien</Filter>
    </ClInclude>
    <ClInclude Include="overlay.h">
      <Filter>Headerdateien</Filter>
    </ClInclude>
    <ClInclude Include="overlayrenderer.h">
      <Filter>Headerdateien</Filter>
    </ClInclude>
    <ClInclude Include="..\includes\texture.h">
      <Filter>Headerdateien</Filter>
    </ClInclude>
    <ClInclude Include="postprocessingrenderer.h">
      <Filter>Headerdateien</Filter>
    </ClInclude>
    <ClInclude Include="fboenvironmentmap.h">
      <Filter>Headerdateien</Filter>
    </ClInclude>
    <ClInclude Include="equirectangularHDR.h">
      <Filter>Headerdateien</Filter>
    </ClInclude>
  </ItemGroup>
  <ItemGroup>
    <None Include="shader\diffuseibl.frag.glsl">
      <Filter>shader</Filter>
    </None>
    <None Include="shader\diffuseibl.vert.glsl">
      <Filter>shader</Filter>
    </None>
    <None Include="shader\rendertotex.fs">
      <Filter>shader</Filter>
    </None>
    <None Include="shader\rendertotex.vs">
      <Filter>shader</Filter>
    </None>
    <None Include="shader\basic.frag.glsl">
      <Filter>shader</Filter>
    </None>
    <None Include="shader\basic.vert.glsl">
      <Filter>shader</Filter>
    </None>
    <None Include="shader\post.gauss.frag.glsl">
      <Filter>shader</Filter>
    </None>
    <None Include="shader\post.gauss.vert.glsl">
      <Filter>shader</Filter>
    </None>
    <None Include="shader\post.negative.frag.glsl">
      <Filter>shader</Filter>
    </None>
    <None Include="shader\post.negative.vert.glsl">
      <Filter>shader</Filter>
    </None>
    <None Include="shader\post.color.frag.glsl">
      <Filter>shader</Filter>
    </None>
    <None Include="shader\post.color.vert.glsl">
      <Filter>shader</Filter>
    </None>
    <None Include="shader\hdr.frag.glsl">
      <Filter>shader</Filter>
    </None>
    <None Include="shader\hdr.vert.glsl">
      <Filter>shader</Filter>
    </None>
    <None Include="shader\hdr.skybox.frag.glsl">
      <Filter>shader</Filter>
    </None>
    <None Include="shader\hdr.skybox.vert.glsl">
      <Filter>shader</Filter>
    </None>
    <None Include="shader\hdr.diffuse.frag.glsl">
      <Filter>shader</Filter>
    </None>
    <None Include="shader\hdr.diffuse.vert.glsl">
      <Filter>shader</Filter>
    </None>
    <None Include="shader\displaycube.frag.glsl">
      <Filter>shader</Filter>
    </None>
    <None Include="shader\displaycube.vert.glsl">
      <Filter>shader</Filter>
    </None>
  </ItemGroup>
</Project>